// !$*UTF8*$!
{
	archiveVersion = 1;
	classes = {
	};
	objectVersion = 56;
	objects = {

/* Begin PBXBuildFile section */
		D454A0A828FDD680008AEF65 /* AppDelegate.swift in Sources */ = {isa = PBXBuildFile; fileRef = D454A0A728FDD680008AEF65 /* AppDelegate.swift */; };
		D454A0AA28FDD680008AEF65 /* SceneDelegate.swift in Sources */ = {isa = PBXBuildFile; fileRef = D454A0A928FDD680008AEF65 /* SceneDelegate.swift */; };
		D454A0AF28FDD680008AEF65 /* Main.storyboard in Resources */ = {isa = PBXBuildFile; fileRef = D454A0AD28FDD680008AEF65 /* Main.storyboard */; };
		D454A0B128FDD682008AEF65 /* Assets.xcassets in Resources */ = {isa = PBXBuildFile; fileRef = D454A0B028FDD682008AEF65 /* Assets.xcassets */; };
		D454A0BC28FDD7BD008AEF65 /* CardSelectionVC.swift in Sources */ = {isa = PBXBuildFile; fileRef = D454A0BB28FDD7BD008AEF65 /* CardSelectionVC.swift */; };
		D4A6144828FE843F0046F345 /* Cards.swift in Sources */ = {isa = PBXBuildFile; fileRef = D4A6144728FE843F0046F345 /* Cards.swift */; };
		D4A6144A28FEA6730046F345 /* shuffle.mp3 in Resources */ = {isa = PBXBuildFile; fileRef = D4A6144928FEA6730046F345 /* shuffle.mp3 */; };
/* End PBXBuildFile section */

/* Begin PBXFileReference section */
		D454A0A428FDD680008AEF65 /* CardWorkout.app */ = {isa = PBXFileReference; explicitFileType = wrapper.application; includeInIndex = 0; path = CardWorkout.app; sourceTree = BUILT_PRODUCTS_DIR; };
		D454A0A728FDD680008AEF65 /* AppDelegate.swift */ = {isa = PBXFileReference; lastKnownFileType = sourcecode.swift; path = AppDelegate.swift; sourceTree = "<group>"; };
		D454A0A928FDD680008AEF65 /* SceneDelegate.swift */ = {isa = PBXFileReference; lastKnownFileType = sourcecode.swift; path = SceneDelegate.swift; sourceTree = "<group>"; };
		D454A0AE28FDD680008AEF65 /* Base */ = {isa = PBXFileReference; lastKnownFileType = file.storyboard; name = Base; path = Base.lproj/Main.storyboard; sourceTree = "<group>"; };
		D454A0B028FDD682008AEF65 /* Assets.xcassets */ = {isa = PBXFileReference; lastKnownFileType = folder.assetcatalog; path = Assets.xcassets; sourceTree = "<group>"; };
		D454A0B528FDD682008AEF65 /* Info.plist */ = {isa = PBXFileReference; lastKnownFileType = text.plist.xml; path = Info.plist; sourceTree = "<group>"; };
		D454A0BB28FDD7BD008AEF65 /* CardSelectionVC.swift */ = {isa = PBXFileReference; lastKnownFileType = sourcecode.swift; path = CardSelectionVC.swift; sourceTree = "<group>"; };
		D4A6144728FE843F0046F345 /* Cards.swift */ = {isa = PBXFileReference; lastKnownFileType = sourcecode.swift; path = Cards.swift; sourceTree = "<group>"; };
		D4A6144928FEA6730046F345 /* shuffle.mp3 */ = {isa = PBXFileReference; lastKnownFileType = audio.mp3; path = shuffle.mp3; sourceTree = "<group>"; };
/* End PBXFileReference section */

/* Begin PBXFrameworksBuildPhase section */
		D454A0A128FDD680008AEF65 /* Frameworks */ = {
			isa = PBXFrameworksBuildPhase;
			buildActionMask = 2147483647;
			files = (
			);
			runOnlyForDeploymentPostprocessing = 0;
		};
/* End PBXFrameworksBuildPhase section */

/* Begin PBXGroup section */
		D454A09B28FDD680008AEF65 = {
			isa = PBXGroup;
			children = (
				D454A0A628FDD680008AEF65 /* CardWorkout */,
				D454A0A528FDD680008AEF65 /* Products */,
			);
			sourceTree = "<group>";
		};
		D454A0A528FDD680008AEF65 /* Products */ = {
			isa = PBXGroup;
			children = (
				D454A0A428FDD680008AEF65 /* CardWorkout.app */,
			);
			name = Products;
			sourceTree = "<group>";
		};
		D454A0A628FDD680008AEF65 /* CardWorkout */ = {
			isa = PBXGroup;
			children = (
				D4A6144F28FEA7EC0046F345 /* structs */,
				D4A6144E28FEA6F40046F345 /* sounds */,
				D4A6144D28FEA6E70046F345 /* storyboards */,
				D4A6144C28FEA6C50046F345 /* views */,
				D454A0A728FDD680008AEF65 /* AppDelegate.swift */,
				D454A0A928FDD680008AEF65 /* SceneDelegate.swift */,
				D454A0B028FDD682008AEF65 /* Assets.xcassets */,
				D454A0B528FDD682008AEF65 /* Info.plist */,
			);
			path = CardWorkout;
			sourceTree = "<group>";
		};
		D4A6144C28FEA6C50046F345 /* views */ = {
			isa = PBXGroup;
			children = (
				D454A0BB28FDD7BD008AEF65 /* CardSelectionVC.swift */,
			);
			path = views;
			sourceTree = "<group>";
		};
		D4A6144D28FEA6E70046F345 /* storyboards */ = {
			isa = PBXGroup;
			children = (
				D454A0AD28FDD680008AEF65 /* Main.storyboard */,
			);
			path = storyboards;
			sourceTree = "<group>";
		};
		D4A6144E28FEA6F40046F345 /* sounds */ = {
			isa = PBXGroup;
			children = (
				D4A6144928FEA6730046F345 /* shuffle.mp3 */,
			);
			path = sounds;
			sourceTree = "<group>";
		};
		D4A6144F28FEA7EC0046F345 /* structs */ = {
			isa = PBXGroup;
			children = (
				D4A6144728FE843F0046F345 /* Cards.swift */,
			);
			path = structs;
			sourceTree = "<group>";
		};
/* End PBXGroup section */

/* Begin PBXNativeTarget section */
		D454A0A328FDD680008AEF65 /* CardWorkout */ = {
			isa = PBXNativeTarget;
			buildConfigurationList = D454A0B828FDD682008AEF65 /* Build configuration list for PBXNativeTarget "CardWorkout" */;
			buildPhases = (
				D454A0A028FDD680008AEF65 /* Sources */,
				D454A0A128FDD680008AEF65 /* Frameworks */,
				D454A0A228FDD680008AEF65 /* Resources */,
			);
			buildRules = (
			);
			dependencies = (
			);
			name = CardWorkout;
			productName = CardWorkout;
			productReference = D454A0A428FDD680008AEF65 /* CardWorkout.app */;
			productType = "com.apple.product-type.application";
		};
/* End PBXNativeTarget section */

/* Begin PBXProject section */
		D454A09C28FDD680008AEF65 /* Project object */ = {
			isa = PBXProject;
			attributes = {
				BuildIndependentTargetsInParallel = 1;
				LastSwiftUpdateCheck = 1400;
				LastUpgradeCheck = 1400;
				TargetAttributes = {
					D454A0A328FDD680008AEF65 = {
						CreatedOnToolsVersion = 14.0.1;
					};
				};
			};
			buildConfigurationList = D454A09F28FDD680008AEF65 /* Build configuration list for PBXProject "CardWorkout" */;
			compatibilityVersion = "Xcode 14.0";
			developmentRegion = en;
			hasScannedForEncodings = 0;
			knownRegions = (
				en,
				Base,
			);
			mainGroup = D454A09B28FDD680008AEF65;
			productRefGroup = D454A0A528FDD680008AEF65 /* Products */;
			projectDirPath = "";
			projectRoot = "";
			targets = (
				D454A0A328FDD680008AEF65 /* CardWorkout */,
			);
		};
/* End PBXProject section */

/* Begin PBXResourcesBuildPhase section */
		D454A0A228FDD680008AEF65 /* Resources */ = {
			isa = PBXResourcesBuildPhase;
			buildActionMask = 2147483647;
			files = (
				D454A0B128FDD682008AEF65 /* Assets.xcassets in Resources */,
				D4A6144A28FEA6730046F345 /* shuffle.mp3 in Resources */,
				D454A0AF28FDD680008AEF65 /* Main.storyboard in Resources */,
			);
			runOnlyForDeploymentPostprocessing = 0;
		};
/* End PBXResourcesBuildPhase section */

/* Begin PBXSourcesBuildPhase section */
		D454A0A028FDD680008AEF65 /* Sources */ = {
			isa = PBXSourcesBuildPhase;
			buildActionMask = 2147483647;
			files = (
				D454A0A828FDD680008AEF65 /* AppDelegate.swift in Sources */,
				D454A0AA28FDD680008AEF65 /* SceneDelegate.swift in Sources */,
				D454A0BC28FDD7BD008AEF65 /* CardSelectionVC.swift in Sources */,
				D4A6144828FE843F0046F345 /* Cards.swift in Sources */,
			);
			runOnlyForDeploymentPostprocessing = 0;
		};
/* End PBXSourcesBuildPhase section */

/* Begin PBXVariantGroup section */
		D454A0AD28FDD680008AEF65 /* Main.storyboard */ = {
			isa = PBXVariantGroup;
			children = (
				D454A0AE28FDD680008AEF65 /* Base */,
			);
			name = Main.storyboard;
			sourceTree = "<group>";
		};
/* End PBXVariantGroup section */

/* Begin XCBuildConfiguration section */
		D454A0B628FDD682008AEF65 /* Debug */ = {
			isa = XCBuildConfiguration;
			buildSettings = {
				ALWAYS_SEARCH_USER_PATHS = NO;
				CLANG_ANALYZER_NONNULL = YES;
				CLANG_ANALYZER_NUMBER_OBJECT_CONVERSION = YES_AGGRESSIVE;
				CLANG_CXX_LANGUAGE_STANDARD = "gnu++20";
				CLANG_ENABLE_MODULES = YES;
				CLANG_ENABLE_OBJC_ARC = YES;
				CLANG_ENABLE_OBJC_WEAK = YES;
				CLANG_WARN_BLOCK_CAPTURE_AUTORELEASING = YES;
				CLANG_WARN_BOOL_CONVERSION = YES;
				CLANG_WARN_COMMA = YES;
				CLANG_WARN_CONSTANT_CONVERSION = YES;
				CLANG_WARN_DEPRECATED_OBJC_IMPLEMENTATIONS = YES;
				CLANG_WARN_DIRECT_OBJC_ISA_USAGE = YES_ERROR;
				CLANG_WARN_DOCUMENTATION_COMMENTS = YES;
				CLANG_WARN_EMPTY_BODY = YES;
				CLANG_WARN_ENUM_CONVERSION = YES;
				CLANG_WARN_INFINITE_RECURSION = YES;
				CLANG_WARN_INT_CONVERSION = YES;
				CLANG_WARN_NON_LITERAL_NULL_CONVERSION = YES;
				CLANG_WARN_OBJC_IMPLICIT_RETAIN_SELF = YES;
				CLANG_WARN_OBJC_LITERAL_CONVERSION = YES;
				CLANG_WARN_OBJC_ROOT_CLASS = YES_ERROR;
				CLANG_WARN_QUOTED_INCLUDE_IN_FRAMEWORK_HEADER = YES;
				CLANG_WARN_RANGE_LOOP_ANALYSIS = YES;
				CLANG_WARN_STRICT_PROTOTYPES = YES;
				CLANG_WARN_SUSPICIOUS_MOVE = YES;
				CLANG_WARN_UNGUARDED_AVAILABILITY = YES_AGGRESSIVE;
				CLANG_WARN_UNREACHABLE_CODE = YES;
				CLANG_WARN__DUPLICATE_METHOD_MATCH = YES;
				COPY_PHASE_STRIP = NO;
				DEBUG_INFORMATION_FORMAT = dwarf;
				ENABLE_STRICT_OBJC_MSGSEND = YES;
				ENABLE_TESTABILITY = YES;
				GCC_C_LANGUAGE_STANDARD = gnu11;
				GCC_DYNAMIC_NO_PIC = NO;
				GCC_NO_COMMON_BLOCKS = YES;
				GCC_OPTIMIZATION_LEVEL = 0;
				GCC_PREPROCESSOR_DEFINITIONS = (
					"DEBUG=1",
					"$(inherited)",
				);
				GCC_WARN_64_TO_32_BIT_CONVERSION = YES;
				GCC_WARN_ABOUT_RETURN_TYPE = YES_ERROR;
				GCC_WARN_UNDECLARED_SELECTOR = YES;
				GCC_WARN_UNINITIALIZED_AUTOS = YES_AGGRESSIVE;
				GCC_WARN_UNUSED_FUNCTION = YES;
				GCC_WARN_UNUSED_VARIABLE = YES;
				IPHONEOS_DEPLOYMENT_TARGET = 16.0;
				MTL_ENABLE_DEBUG_INFO = INCLUDE_SOURCE;
				MTL_FAST_MATH = YES;
				ONLY_ACTIVE_ARCH = YES;
				SDKROOT = iphoneos;
				SWIFT_ACTIVE_COMPILATION_CONDITIONS = DEBUG;
				SWIFT_OPTIMIZATION_LEVEL = "-Onone";
			};
			name = Debug;
		};
		D454A0B728FDD682008AEF65 /* Release */ = {
			isa = XCBuildConfiguration;
			buildSettings = {
				ALWAYS_SEARCH_USER_PATHS = NO;
				CLANG_ANALYZER_NONNULL = YES;
				CLANG_ANALYZER_NUMBER_OBJECT_CONVERSION = YES_AGGRESSIVE;
				CLANG_CXX_LANGUAGE_STANDARD = "gnu++20";
				CLANG_ENABLE_MODULES = YES;
				CLANG_ENABLE_OBJC_ARC = YES;
				CLANG_ENABLE_OBJC_WEAK = YES;
				CLANG_WARN_BLOCK_CAPTURE_AUTORELEASING = YES;
				CLANG_WARN_BOOL_CONVERSION = YES;
				CLANG_WARN_COMMA = YES;
				CLANG_WARN_CONSTANT_CONVERSION = YES;
				CLANG_WARN_DEPRECATED_OBJC_IMPLEMENTATIONS = YES;
				CLANG_WARN_DIRECT_OBJC_ISA_USAGE = YES_ERROR;
				CLANG_WARN_DOCUMENTATION_COMMENTS = YES;
				CLANG_WARN_EMPTY_BODY = YES;
				CLANG_WARN_ENUM_CONVERSION = YES;
				CLANG_WARN_INFINITE_RECURSION = YES;
				CLANG_WARN_INT_CONVERSION = YES;
				CLANG_WARN_NON_LITERAL_NULL_CONVERSION = YES;
				CLANG_WARN_OBJC_IMPLICIT_RETAIN_SELF = YES;
				CLANG_WARN_OBJC_LITERAL_CONVERSION = YES;
				CLANG_WARN_OBJC_ROOT_CLASS = YES_ERROR;
				CLANG_WARN_QUOTED_INCLUDE_IN_FRAMEWORK_HEADER = YES;
				CLANG_WARN_RANGE_LOOP_ANALYSIS = YES;
				CLANG_WARN_STRICT_PROTOTYPES = YES;
				CLANG_WARN_SUSPICIOUS_MOVE = YES;
				CLANG_WARN_UNGUARDED_AVAILABILITY = YES_AGGRESSIVE;
				CLANG_WARN_UNREACHABLE_CODE = YES;
				CLANG_WARN__DUPLICATE_METHOD_MATCH = YES;
				COPY_PHASE_STRIP = NO;
				DEBUG_INFORMATION_FORMAT = "dwarf-with-dsym";
				ENABLE_NS_ASSERTIONS = NO;
				ENABLE_STRICT_OBJC_MSGSEND = YES;
				GCC_C_LANGUAGE_STANDARD = gnu11;
				GCC_NO_COMMON_BLOCKS = YES;
				GCC_WARN_64_TO_32_BIT_CONVERSION = YES;
				GCC_WARN_ABOUT_RETURN_TYPE = YES_ERROR;
				GCC_WARN_UNDECLARED_SELECTOR = YES;
				GCC_WARN_UNINITIALIZED_AUTOS = YES_AGGRESSIVE;
				GCC_WARN_UNUSED_FUNCTION = YES;
				GCC_WARN_UNUSED_VARIABLE = YES;
				IPHONEOS_DEPLOYMENT_TARGET = 16.0;
				MTL_ENABLE_DEBUG_INFO = NO;
				MTL_FAST_MATH = YES;
				SDKROOT = iphoneos;
				SWIFT_COMPILATION_MODE = wholemodule;
				SWIFT_OPTIMIZATION_LEVEL = "-O";
				VALIDATE_PRODUCT = YES;
			};
			name = Release;
		};
		D454A0B928FDD682008AEF65 /* Debug */ = {
			isa = XCBuildConfiguration;
			buildSettings = {
				ASSETCATALOG_COMPILER_APPICON_NAME = AppIcon;
				ASSETCATALOG_COMPILER_GLOBAL_ACCENT_COLOR_NAME = AccentColor;
				CODE_SIGN_STYLE = Automatic;
				CURRENT_PROJECT_VERSION = 1;
				DEVELOPMENT_TEAM = Z5693NZJLD;
				GENERATE_INFOPLIST_FILE = YES;
				INFOPLIST_FILE = CardWorkout/Info.plist;
				INFOPLIST_KEY_UIApplicationSupportsIndirectInputEvents = YES;
				INFOPLIST_KEY_UILaunchStoryboardName = LaunchScreen;
				INFOPLIST_KEY_UIMainStoryboardFile = Main;
				INFOPLIST_KEY_UISupportedInterfaceOrientations_iPad = "UIInterfaceOrientationPortrait UIInterfaceOrientationPortraitUpsideDown UIInterfaceOrientationLandscapeLeft UIInterfaceOrientationLandscapeRight";
				INFOPLIST_KEY_UISupportedInterfaceOrientations_iPhone = "UIInterfaceOrientationPortrait UIInterfaceOrientationLandscapeLeft UIInterfaceOrientationLandscapeRight";
				LD_RUNPATH_SEARCH_PATHS = (
					"$(inherited)",
					"@executable_path/Frameworks",
				);
				MARKETING_VERSION = 1.0;
				PRODUCT_BUNDLE_IDENTIFIER = iltekin.CardWorkout;
				PRODUCT_NAME = "$(TARGET_NAME)";
				SWIFT_EMIT_LOC_STRINGS = YES;
				SWIFT_VERSION = 5.0;
				TARGETED_DEVICE_FAMILY = "1,2";
			};
			name = Debug;
		};
		D454A0BA28FDD682008AEF65 /* Release */ = {
			isa = XCBuildConfiguration;
			buildSettings = {
				ASSETCATALOG_COMPILER_APPICON_NAME = AppIcon;
				ASSETCATALOG_COMPILER_GLOBAL_ACCENT_COLOR_NAME = AccentColor;
				CODE_SIGN_STYLE = Automatic;
				CURRENT_PROJECT_VERSION = 1;
				DEVELOPMENT_TEAM = Z5693NZJLD;
				GENERATE_INFOPLIST_FILE = YES;
				INFOPLIST_FILE = CardWorkout/Info.plist;
				INFOPLIST_KEY_UIApplicationSupportsIndirectInputEvents = YES;
				INFOPLIST_KEY_UILaunchStoryboardName = LaunchScreen;
				INFOPLIST_KEY_UIMainStoryboardFile = Main;
				INFOPLIST_KEY_UISupportedInterfaceOrientations_iPad = "UIInterfaceOrientationPortrait UIInterfaceOrientationPortraitUpsideDown UIInterfaceOrientationLandscapeLeft UIInterfaceOrientationLandscapeRight";
				INFOPLIST_KEY_UISupportedInterfaceOrientations_iPhone = "UIInterfaceOrientationPortrait UIInterfaceOrientationLandscapeLeft UIInterfaceOrientationLandscapeRight";
				LD_RUNPATH_SEARCH_PATHS = (
					"$(inherited)",
					"@executable_path/Frameworks",
				);
				MARKETING_VERSION = 1.0;
				PRODUCT_BUNDLE_IDENTIFIER = iltekin.CardWorkout;
				PRODUCT_NAME = "$(TARGET_NAME)";
				SWIFT_EMIT_LOC_STRINGS = YES;
				SWIFT_VERSION = 5.0;
				TARGETED_DEVICE_FAMILY = "1,2";
			};
			name = Release;
		};
/* End XCBuildConfiguration section */

/* Begin XCConfigurationList section */
		D454A09F28FDD680008AEF65 /* Build configuration list for PBXProject "CardWorkout" */ = {
			isa = XCConfigurationList;
			buildConfigurations = (
				D454A0B628FDD682008AEF65 /* Debug */,
				D454A0B728FDD682008AEF65 /* Release */,
			);
			defaultConfigurationIsVisible = 0;
			defaultConfigurationName = Release;
		};
		D454A0B828FDD682008AEF65 /* Build configuration list for PBXNativeTarget "CardWorkout" */ = {
			isa = XCConfigurationList;
			buildConfigurations = (
				D454A0B928FDD682008AEF65 /* Debug */,
				D454A0BA28FDD682008AEF65 /* Release */,
			);
			defaultConfigurationIsVisible = 0;
			defaultConfigurationName = Release;
		};
/* End XCConfigurationList section */
	};
	rootObject = D454A09C28FDD680008AEF65 /* Project object */;
}
