// !$*UTF8*$!
{
	archiveVersion = 1;
	classes = {
	};
	objectVersion = 56;
	objects = {

/* Begin PBXBuildFile section */
		D492A4502961D0F40062FFA2 /* AppDelegate.swift in Sources */ = {isa = PBXBuildFile; fileRef = D492A44F2961D0F40062FFA2 /* AppDelegate.swift */; };
		D492A4522961D0F40062FFA2 /* SceneDelegate.swift in Sources */ = {isa = PBXBuildFile; fileRef = D492A4512961D0F40062FFA2 /* SceneDelegate.swift */; };
		D492A4542961D0F40062FFA2 /* ViewController.swift in Sources */ = {isa = PBXBuildFile; fileRef = D492A4532961D0F40062FFA2 /* ViewController.swift */; };
		D492A4572961D0F40062FFA2 /* Main.storyboard in Resources */ = {isa = PBXBuildFile; fileRef = D492A4552961D0F40062FFA2 /* Main.storyboard */; };
		D492A4592961D0F50062FFA2 /* Assets.xcassets in Resources */ = {isa = PBXBuildFile; fileRef = D492A4582961D0F50062FFA2 /* Assets.xcassets */; };
		D492A45C2961D0F50062FFA2 /* LaunchScreen.storyboard in Resources */ = {isa = PBXBuildFile; fileRef = D492A45A2961D0F50062FFA2 /* LaunchScreen.storyboard */; };
		D492A4682961D57A0062FFA2 /* logo.png in Resources */ = {isa = PBXBuildFile; fileRef = D492A4672961D57A0062FFA2 /* logo.png */; };
/* End PBXBuildFile section */

/* Begin PBXFileReference section */
		D492A44C2961D0F40062FFA2 /* SplitBills.app */ = {isa = PBXFileReference; explicitFileType = wrapper.application; includeInIndex = 0; path = SplitBills.app; sourceTree = BUILT_PRODUCTS_DIR; };
		D492A44F2961D0F40062FFA2 /* AppDelegate.swift */ = {isa = PBXFileReference; lastKnownFileType = sourcecode.swift; path = AppDelegate.swift; sourceTree = "<group>"; };
		D492A4512961D0F40062FFA2 /* SceneDelegate.swift */ = {isa = PBXFileReference; lastKnownFileType = sourcecode.swift; path = SceneDelegate.swift; sourceTree = "<group>"; };
		D492A4532961D0F40062FFA2 /* ViewController.swift */ = {isa = PBXFileReference; lastKnownFileType = sourcecode.swift; path = ViewController.swift; sourceTree = "<group>"; };
		D492A4562961D0F40062FFA2 /* Base */ = {isa = PBXFileReference; lastKnownFileType = file.storyboard; name = Base; path = Base.lproj/Main.storyboard; sourceTree = "<group>"; };
		D492A4582961D0F50062FFA2 /* Assets.xcassets */ = {isa = PBXFileReference; lastKnownFileType = folder.assetcatalog; path = Assets.xcassets; sourceTree = "<group>"; };
		D492A45B2961D0F50062FFA2 /* Base */ = {isa = PBXFileReference; lastKnownFileType = file.storyboard; name = Base; path = Base.lproj/LaunchScreen.storyboard; sourceTree = "<group>"; };
		D492A45D2961D0F50062FFA2 /* Info.plist */ = {isa = PBXFileReference; lastKnownFileType = text.plist.xml; path = Info.plist; sourceTree = "<group>"; };
		D492A4672961D57A0062FFA2 /* logo.png */ = {isa = PBXFileReference; lastKnownFileType = image.png; path = logo.png; sourceTree = "<group>"; };
/* End PBXFileReference section */

/* Begin PBXFrameworksBuildPhase section */
		D492A4492961D0F40062FFA2 /* Frameworks */ = {
			isa = PBXFrameworksBuildPhase;
			buildActionMask = 2147483647;
			files = (
			);
			runOnlyForDeploymentPostprocessing = 0;
		};
/* End PBXFrameworksBuildPhase section */

/* Begin PBXGroup section */
		D492A4432961D0F40062FFA2 = {
			isa = PBXGroup;
			children = (
				D492A44E2961D0F40062FFA2 /* SplitBills */,
				D492A44D2961D0F40062FFA2 /* Products */,
			);
			sourceTree = "<group>";
		};
		D492A44D2961D0F40062FFA2 /* Products */ = {
			isa = PBXGroup;
			children = (
				D492A44C2961D0F40062FFA2 /* SplitBills.app */,
			);
			name = Products;
			sourceTree = "<group>";
		};
		D492A44E2961D0F40062FFA2 /* SplitBills */ = {
			isa = PBXGroup;
			children = (
				D492A4692961D58D0062FFA2 /* Images */,
				D492A4662961D1510062FFA2 /* App */,
				D492A4652961D11A0062FFA2 /* Controllers */,
				D492A4642961D1100062FFA2 /* Views */,
				D492A4632961D0FF0062FFA2 /* Models */,
			);
			path = SplitBills;
			sourceTree = "<group>";
		};
		D492A4632961D0FF0062FFA2 /* Models */ = {
			isa = PBXGroup;
			children = (
			);
			path = Models;
			sourceTree = "<group>";
		};
		D492A4642961D1100062FFA2 /* Views */ = {
			isa = PBXGroup;
			children = (
				D492A4552961D0F40062FFA2 /* Main.storyboard */,
				D492A45A2961D0F50062FFA2 /* LaunchScreen.storyboard */,
			);
			path = Views;
			sourceTree = "<group>";
		};
		D492A4652961D11A0062FFA2 /* Controllers */ = {
			isa = PBXGroup;
			children = (
				D492A4532961D0F40062FFA2 /* ViewController.swift */,
			);
			path = Controllers;
			sourceTree = "<group>";
		};
		D492A4662961D1510062FFA2 /* App */ = {
			isa = PBXGroup;
			children = (
				D492A4582961D0F50062FFA2 /* Assets.xcassets */,
				D492A45D2961D0F50062FFA2 /* Info.plist */,
				D492A44F2961D0F40062FFA2 /* AppDelegate.swift */,
				D492A4512961D0F40062FFA2 /* SceneDelegate.swift */,
			);
			path = App;
			sourceTree = "<group>";
		};
		D492A4692961D58D0062FFA2 /* Images */ = {
			isa = PBXGroup;
			children = (
				D492A4672961D57A0062FFA2 /* logo.png */,
			);
			path = Images;
			sourceTree = "<group>";
		};
/* End PBXGroup section */

/* Begin PBXNativeTarget section */
		D492A44B2961D0F40062FFA2 /* SplitBills */ = {
			isa = PBXNativeTarget;
			buildConfigurationList = D492A4602961D0F50062FFA2 /* Build configuration list for PBXNativeTarget "SplitBills" */;
			buildPhases = (
				D492A4482961D0F40062FFA2 /* Sources */,
				D492A4492961D0F40062FFA2 /* Frameworks */,
				D492A44A2961D0F40062FFA2 /* Resources */,
			);
			buildRules = (
			);
			dependencies = (
			);
			name = SplitBills;
			productName = SplitBills;
			productReference = D492A44C2961D0F40062FFA2 /* SplitBills.app */;
			productType = "com.apple.product-type.application";
		};
/* End PBXNativeTarget section */

/* Begin PBXProject section */
		D492A4442961D0F40062FFA2 /* Project object */ = {
			isa = PBXProject;
			attributes = {
				BuildIndependentTargetsInParallel = 1;
				LastSwiftUpdateCheck = 1400;
				LastUpgradeCheck = 1400;
				TargetAttributes = {
					D492A44B2961D0F40062FFA2 = {
						CreatedOnToolsVersion = 14.0.1;
					};
				};
			};
			buildConfigurationList = D492A4472961D0F40062FFA2 /* Build configuration list for PBXProject "SplitBills" */;
			compatibilityVersion = "Xcode 14.0";
			developmentRegion = en;
			hasScannedForEncodings = 0;
			knownRegions = (
				en,
				Base,
			);
			mainGroup = D492A4432961D0F40062FFA2;
			productRefGroup = D492A44D2961D0F40062FFA2 /* Products */;
			projectDirPath = "";
			projectRoot = "";
			targets = (
				D492A44B2961D0F40062FFA2 /* SplitBills */,
			);
		};
/* End PBXProject section */

/* Begin PBXResourcesBuildPhase section */
		D492A44A2961D0F40062FFA2 /* Resources */ = {
			isa = PBXResourcesBuildPhase;
			buildActionMask = 2147483647;
			files = (
				D492A45C2961D0F50062FFA2 /* LaunchScreen.storyboard in Resources */,
				D492A4592961D0F50062FFA2 /* Assets.xcassets in Resources */,
				D492A4572961D0F40062FFA2 /* Main.storyboard in Resources */,
				D492A4682961D57A0062FFA2 /* logo.png in Resources */,
			);
			runOnlyForDeploymentPostprocessing = 0;
		};
/* End PBXResourcesBuildPhase section */

/* Begin PBXSourcesBuildPhase section */
		D492A4482961D0F40062FFA2 /* Sources */ = {
			isa = PBXSourcesBuildPhase;
			buildActionMask = 2147483647;
			files = (
				D492A4542961D0F40062FFA2 /* ViewController.swift in Sources */,
				D492A4502961D0F40062FFA2 /* AppDelegate.swift in Sources */,
				D492A4522961D0F40062FFA2 /* SceneDelegate.swift in Sources */,
			);
			runOnlyForDeploymentPostprocessing = 0;
		};
/* End PBXSourcesBuildPhase section */

/* Begin PBXVariantGroup section */
		D492A4552961D0F40062FFA2 /* Main.storyboard */ = {
			isa = PBXVariantGroup;
			children = (
				D492A4562961D0F40062FFA2 /* Base */,
			);
			name = Main.storyboard;
			sourceTree = "<group>";
		};
		D492A45A2961D0F50062FFA2 /* LaunchScreen.storyboard */ = {
			isa = PBXVariantGroup;
			children = (
				D492A45B2961D0F50062FFA2 /* Base */,
			);
			name = LaunchScreen.storyboard;
			sourceTree = "<group>";
		};
/* End PBXVariantGroup section */

/* Begin XCBuildConfiguration section */
		D492A45E2961D0F50062FFA2 /* Debug */ = {
			isa = XCBuildConfiguration;
			buildSettings = {
				ALWAYS_SEARCH_USER_PATHS = NO;
				CLANG_ANALYZER_NONNULL = YES;
				CLANG_ANALYZER_NUMBER_OBJECT_CONVERSION = YES_AGGRESSIVE;
				CLANG_CXX_LANGUAGE_STANDARD = "gnu++20";
				CLANG_ENABLE_MODULES = YES;
				CLANG_ENABLE_OBJC_ARC = YES;
				CLANG_ENABLE_OBJC_WEAK = YES;
				CLANG_WARN_BLOCK_CAPTURE_AUTORELEASING = YES;
				CLANG_WARN_BOOL_CONVERSION = YES;
				CLANG_WARN_COMMA = YES;
				CLANG_WARN_CONSTANT_CONVERSION = YES;
				CLANG_WARN_DEPRECATED_OBJC_IMPLEMENTATIONS = YES;
				CLANG_WARN_DIRECT_OBJC_ISA_USAGE = YES_ERROR;
				CLANG_WARN_DOCUMENTATION_COMMENTS = YES;
				CLANG_WARN_EMPTY_BODY = YES;
				CLANG_WARN_ENUM_CONVERSION = YES;
				CLANG_WARN_INFINITE_RECURSION = YES;
				CLANG_WARN_INT_CONVERSION = YES;
				CLANG_WARN_NON_LITERAL_NULL_CONVERSION = YES;
				CLANG_WARN_OBJC_IMPLICIT_RETAIN_SELF = YES;
				CLANG_WARN_OBJC_LITERAL_CONVERSION = YES;
				CLANG_WARN_OBJC_ROOT_CLASS = YES_ERROR;
				CLANG_WARN_QUOTED_INCLUDE_IN_FRAMEWORK_HEADER = YES;
				CLANG_WARN_RANGE_LOOP_ANALYSIS = YES;
				CLANG_WARN_STRICT_PROTOTYPES = YES;
				CLANG_WARN_SUSPICIOUS_MOVE = YES;
				CLANG_WARN_UNGUARDED_AVAILABILITY = YES_AGGRESSIVE;
				CLANG_WARN_UNREACHABLE_CODE = YES;
				CLANG_WARN__DUPLICATE_METHOD_MATCH = YES;
				COPY_PHASE_STRIP = NO;
				DEBUG_INFORMATION_FORMAT = dwarf;
				ENABLE_STRICT_OBJC_MSGSEND = YES;
				ENABLE_TESTABILITY = YES;
				GCC_C_LANGUAGE_STANDARD = gnu11;
				GCC_DYNAMIC_NO_PIC = NO;
				GCC_NO_COMMON_BLOCKS = YES;
				GCC_OPTIMIZATION_LEVEL = 0;
				GCC_PREPROCESSOR_DEFINITIONS = (
					"DEBUG=1",
					"$(inherited)",
				);
				GCC_WARN_64_TO_32_BIT_CONVERSION = YES;
				GCC_WARN_ABOUT_RETURN_TYPE = YES_ERROR;
				GCC_WARN_UNDECLARED_SELECTOR = YES;
				GCC_WARN_UNINITIALIZED_AUTOS = YES_AGGRESSIVE;
				GCC_WARN_UNUSED_FUNCTION = YES;
				GCC_WARN_UNUSED_VARIABLE = YES;
				IPHONEOS_DEPLOYMENT_TARGET = 16.0;
				MTL_ENABLE_DEBUG_INFO = INCLUDE_SOURCE;
				MTL_FAST_MATH = YES;
				ONLY_ACTIVE_ARCH = YES;
				SDKROOT = iphoneos;
				SWIFT_ACTIVE_COMPILATION_CONDITIONS = DEBUG;
				SWIFT_OPTIMIZATION_LEVEL = "-Onone";
			};
			name = Debug;
		};
		D492A45F2961D0F50062FFA2 /* Release */ = {
			isa = XCBuildConfiguration;
			buildSettings = {
				ALWAYS_SEARCH_USER_PATHS = NO;
				CLANG_ANALYZER_NONNULL = YES;
				CLANG_ANALYZER_NUMBER_OBJECT_CONVERSION = YES_AGGRESSIVE;
				CLANG_CXX_LANGUAGE_STANDARD = "gnu++20";
				CLANG_ENABLE_MODULES = YES;
				CLANG_ENABLE_OBJC_ARC = YES;
				CLANG_ENABLE_OBJC_WEAK = YES;
				CLANG_WARN_BLOCK_CAPTURE_AUTORELEASING = YES;
				CLANG_WARN_BOOL_CONVERSION = YES;
				CLANG_WARN_COMMA = YES;
				CLANG_WARN_CONSTANT_CONVERSION = YES;
				CLANG_WARN_DEPRECATED_OBJC_IMPLEMENTATIONS = YES;
				CLANG_WARN_DIRECT_OBJC_ISA_USAGE = YES_ERROR;
				CLANG_WARN_DOCUMENTATION_COMMENTS = YES;
				CLANG_WARN_EMPTY_BODY = YES;
				CLANG_WARN_ENUM_CONVERSION = YES;
				CLANG_WARN_INFINITE_RECURSION = YES;
				CLANG_WARN_INT_CONVERSION = YES;
				CLANG_WARN_NON_LITERAL_NULL_CONVERSION = YES;
				CLANG_WARN_OBJC_IMPLICIT_RETAIN_SELF = YES;
				CLANG_WARN_OBJC_LITERAL_CONVERSION = YES;
				CLANG_WARN_OBJC_ROOT_CLASS = YES_ERROR;
				CLANG_WARN_QUOTED_INCLUDE_IN_FRAMEWORK_HEADER = YES;
				CLANG_WARN_RANGE_LOOP_ANALYSIS = YES;
				CLANG_WARN_STRICT_PROTOTYPES = YES;
				CLANG_WARN_SUSPICIOUS_MOVE = YES;
				CLANG_WARN_UNGUARDED_AVAILABILITY = YES_AGGRESSIVE;
				CLANG_WARN_UNREACHABLE_CODE = YES;
				CLANG_WARN__DUPLICATE_METHOD_MATCH = YES;
				COPY_PHASE_STRIP = NO;
				DEBUG_INFORMATION_FORMAT = "dwarf-with-dsym";
				ENABLE_NS_ASSERTIONS = NO;
				ENABLE_STRICT_OBJC_MSGSEND = YES;
				GCC_C_LANGUAGE_STANDARD = gnu11;
				GCC_NO_COMMON_BLOCKS = YES;
				GCC_WARN_64_TO_32_BIT_CONVERSION = YES;
				GCC_WARN_ABOUT_RETURN_TYPE = YES_ERROR;
				GCC_WARN_UNDECLARED_SELECTOR = YES;
				GCC_WARN_UNINITIALIZED_AUTOS = YES_AGGRESSIVE;
				GCC_WARN_UNUSED_FUNCTION = YES;
				GCC_WARN_UNUSED_VARIABLE = YES;
				IPHONEOS_DEPLOYMENT_TARGET = 16.0;
				MTL_ENABLE_DEBUG_INFO = NO;
				MTL_FAST_MATH = YES;
				SDKROOT = iphoneos;
				SWIFT_COMPILATION_MODE = wholemodule;
				SWIFT_OPTIMIZATION_LEVEL = "-O";
				VALIDATE_PRODUCT = YES;
			};
			name = Release;
		};
		D492A4612961D0F50062FFA2 /* Debug */ = {
			isa = XCBuildConfiguration;
			buildSettings = {
				ASSETCATALOG_COMPILER_APPICON_NAME = AppIcon;
				ASSETCATALOG_COMPILER_GLOBAL_ACCENT_COLOR_NAME = AccentColor;
				CODE_SIGN_STYLE = Automatic;
				CURRENT_PROJECT_VERSION = 1;
				DEVELOPMENT_TEAM = Z5693NZJLD;
				GENERATE_INFOPLIST_FILE = YES;
				INFOPLIST_FILE = SplitBills/App/Info.plist;
				INFOPLIST_KEY_UIApplicationSupportsIndirectInputEvents = YES;
				INFOPLIST_KEY_UILaunchStoryboardName = LaunchScreen;
				INFOPLIST_KEY_UIMainStoryboardFile = Main;
				INFOPLIST_KEY_UISupportedInterfaceOrientations_iPad = "UIInterfaceOrientationPortrait UIInterfaceOrientationPortraitUpsideDown UIInterfaceOrientationLandscapeLeft UIInterfaceOrientationLandscapeRight";
				INFOPLIST_KEY_UISupportedInterfaceOrientations_iPhone = "UIInterfaceOrientationPortrait UIInterfaceOrientationLandscapeLeft UIInterfaceOrientationLandscapeRight";
				LD_RUNPATH_SEARCH_PATHS = (
					"$(inherited)",
					"@executable_path/Frameworks",
				);
				MARKETING_VERSION = 1.0;
				PRODUCT_BUNDLE_IDENTIFIER = com.iltekin.SplitBills;
				PRODUCT_NAME = "$(TARGET_NAME)";
				SWIFT_EMIT_LOC_STRINGS = YES;
				SWIFT_VERSION = 5.0;
				TARGETED_DEVICE_FAMILY = "1,2";
			};
			name = Debug;
		};
		D492A4622961D0F50062FFA2 /* Release */ = {
			isa = XCBuildConfiguration;
			buildSettings = {
				ASSETCATALOG_COMPILER_APPICON_NAME = AppIcon;
				ASSETCATALOG_COMPILER_GLOBAL_ACCENT_COLOR_NAME = AccentColor;
				CODE_SIGN_STYLE = Automatic;
				CURRENT_PROJECT_VERSION = 1;
				DEVELOPMENT_TEAM = Z5693NZJLD;
				GENERATE_INFOPLIST_FILE = YES;
				INFOPLIST_FILE = SplitBills/App/Info.plist;
				INFOPLIST_KEY_UIApplicationSupportsIndirectInputEvents = YES;
				INFOPLIST_KEY_UILaunchStoryboardName = LaunchScreen;
				INFOPLIST_KEY_UIMainStoryboardFile = Main;
				INFOPLIST_KEY_UISupportedInterfaceOrientations_iPad = "UIInterfaceOrientationPortrait UIInterfaceOrientationPortraitUpsideDown UIInterfaceOrientationLandscapeLeft UIInterfaceOrientationLandscapeRight";
				INFOPLIST_KEY_UISupportedInterfaceOrientations_iPhone = "UIInterfaceOrientationPortrait UIInterfaceOrientationLandscapeLeft UIInterfaceOrientationLandscapeRight";
				LD_RUNPATH_SEARCH_PATHS = (
					"$(inherited)",
					"@executable_path/Frameworks",
				);
				MARKETING_VERSION = 1.0;
				PRODUCT_BUNDLE_IDENTIFIER = com.iltekin.SplitBills;
				PRODUCT_NAME = "$(TARGET_NAME)";
				SWIFT_EMIT_LOC_STRINGS = YES;
				SWIFT_VERSION = 5.0;
				TARGETED_DEVICE_FAMILY = "1,2";
			};
			name = Release;
		};
/* End XCBuildConfiguration section */

/* Begin XCConfigurationList section */
		D492A4472961D0F40062FFA2 /* Build configuration list for PBXProject "SplitBills" */ = {
			isa = XCConfigurationList;
			buildConfigurations = (
				D492A45E2961D0F50062FFA2 /* Debug */,
				D492A45F2961D0F50062FFA2 /* Release */,
			);
			defaultConfigurationIsVisible = 0;
			defaultConfigurationName = Release;
		};
		D492A4602961D0F50062FFA2 /* Build configuration list for PBXNativeTarget "SplitBills" */ = {
			isa = XCConfigurationList;
			buildConfigurations = (
				D492A4612961D0F50062FFA2 /* Debug */,
				D492A4622961D0F50062FFA2 /* Release */,
			);
			defaultConfigurationIsVisible = 0;
			defaultConfigurationName = Release;
		};
/* End XCConfigurationList section */
	};
	rootObject = D492A4442961D0F40062FFA2 /* Project object */;
}
